
Microsoft Visual Studio Solution File, Format Version 12.00
# Visual Studio Version 17
VisualStudioVersion = 17.0.32014.148
MinimumVisualStudioVersion = 10.0.40219.1
Project("{8BC9CEB8-8B4A-11D0-8D11-00A0C91BC942}") = "AlgorithmStudy", "DATAstructure Study\DATAstructure Study.vcxproj", "{7E0566F4-81A7-4CBF-A6EC-54B1C15D32C4}"
EndProject
Project("{8BC9CEB8-8B4A-11D0-8D11-00A0C91BC942}") = "Maze", "Maze\Maze.vcxproj", "{ECDFAEEC-E48F-4F24-9865-48984DD45FA0}"
EndProject
Project("{8BC9CEB8-8B4A-11D0-8D11-00A0C91BC942}") = "Dinamic Programming", "Dinamic Programming\Dinamic Programming.vcxproj", "{54EBD2A4-0083-454A-A855-7407E46CFD4D}"
EndProject
Global
	GlobalSection(SolutionConfigurationPlatforms) = preSolution
		Debug|x64 = Debug|x64
		Debug|x86 = Debug|x86
		Release|x64 = Release|x64
		Release|x86 = Release|x86
	EndGlobalSection
	GlobalSection(ProjectConfigurationPlatforms) = postSolution
		{7E0566F4-81A7-4CBF-A6EC-54B1C15D32C4}.Debug|x64.ActiveCfg = Debug|x64
		{7E0566F4-81A7-4CBF-A6EC-54B1C15D32C4}.Debug|x64.Build.0 = Debug|x64
		{7E0566F4-81A7-4CBF-A6EC-54B1C15D32C4}.Debug|x86.ActiveCfg = Debug|Win32
		{7E0566F4-81A7-4CBF-A6EC-54B1C15D32C4}.Debug|x86.Build.0 = Debug|Win32
		{7E0566F4-81A7-4CBF-A6EC-54B1C15D32C4}.Release|x64.ActiveCfg = Release|x64
		{7E0566F4-81A7-4CBF-A6EC-54B1C15D32C4}.Release|x64.Build.0 = Release|x64
		{7E0566F4-81A7-4CBF-A6EC-54B1C15D32C4}.Release|x86.ActiveCfg = Release|Win32
		{7E0566F4-81A7-4CBF-A6EC-54B1C15D32C4}.Release|x86.Build.0 = Release|Win32
		{ECDFAEEC-E48F-4F24-9865-48984DD45FA0}.Debug|x64.ActiveCfg = Debug|x64
		{ECDFAEEC-E48F-4F24-9865-48984DD45FA0}.Debug|x64.Build.0 = Debug|x64
		{ECDFAEEC-E48F-4F24-9865-48984DD45FA0}.Debug|x86.ActiveCfg = Debug|Win32
		{ECDFAEEC-E48F-4F24-9865-48984DD45FA0}.Debug|x86.Build.0 = Debug|Win32
		{ECDFAEEC-E48F-4F24-9865-48984DD45FA0}.Release|x64.ActiveCfg = Release|x64
		{ECDFAEEC-E48F-4F24-9865-48984DD45FA0}.Release|x64.Build.0 = Release|x64
		{ECDFAEEC-E48F-4F24-9865-48984DD45FA0}.Release|x86.ActiveCfg = Release|Win32
		{ECDFAEEC-E48F-4F24-9865-48984DD45FA0}.Release|x86.Build.0 = Release|Win32
		{54EBD2A4-0083-454A-A855-7407E46CFD4D}.Debug|x64.ActiveCfg = Debug|x64
		{54EBD2A4-0083-454A-A855-7407E46CFD4D}.Debug|x64.Build.0 = Debug|x64
		{54EBD2A4-0083-454A-A855-7407E46CFD4D}.Debug|x86.ActiveCfg = Debug|Win32
		{54EBD2A4-0083-454A-A855-7407E46CFD4D}.Debug|x86.Build.0 = Debug|Win32
		{54EBD2A4-0083-454A-A855-7407E46CFD4D}.Release|x64.ActiveCfg = Release|x64
		{54EBD2A4-0083-454A-A855-7407E46CFD4D}.Release|x64.Build.0 = Release|x64
		{54EBD2A4-0083-454A-A855-7407E46CFD4D}.Release|x86.ActiveCfg = Release|Win32
		{54EBD2A4-0083-454A-A855-7407E46CFD4D}.Release|x86.Build.0 = Release|Win32
	EndGlobalSection
	GlobalSection(SolutionProperties) = preSolution
		HideSolutionNode = FALSE
	EndGlobalSection
	GlobalSection(ExtensibilityGlobals) = postSolution
		SolutionGuid = {ED09384E-05F7-431A-B2F2-13FF66F66513}
	EndGlobalSection
EndGlobal
